
Microsoft Visual Studio Solution File, Format Version 12.00
# Visual Studio Version 17
VisualStudioVersion = 17.14.36616.10 d17.14
MinimumVisualStudioVersion = 10.0.40219.1
Project("{8BC9CEB8-8B4A-11D0-8D11-00A0C91BC942}") = "lab_06", "lab_06\lab_06.vcxproj", "{E07C888C-93A4-4A31-9C79-883D7DDBE0CB}"
EndProject
Global
	GlobalSection(SolutionConfigurationPlatforms) = preSolution
		Debug|x64 = Debug|x64
		Debug|x86 = Debug|x86
		Release|x64 = Release|x64
		Release|x86 = Release|x86
	EndGlobalSection
	GlobalSection(ProjectConfigurationPlatforms) = postSolution
		{E07C888C-93A4-4A31-9C79-883D7DDBE0CB}.Debug|x64.ActiveCfg = Debug|x64
		{E07C888C-93A4-4A31-9C79-883D7DDBE0CB}.Debug|x64.Build.0 = Debug|x64
		{E07C888C-93A4-4A31-9C79-883D7DDBE0CB}.Debug|x86.ActiveCfg = Debug|Win32
		{E07C888C-93A4-4A31-9C79-883D7DDBE0CB}.Debug|x86.Build.0 = Debug|Win32
		{E07C888C-93A4-4A31-9C79-883D7DDBE0CB}.Release|x64.ActiveCfg = Release|x64
		{E07C888C-93A4-4A31-9C79-883D7DDBE0CB}.Release|x64.Build.0 = Release|x64
		{E07C888C-93A4-4A31-9C79-883D7DDBE0CB}.Release|x86.ActiveCfg = Release|Win32
		{E07C888C-93A4-4A31-9C79-883D7DDBE0CB}.Release|x86.Build.0 = Release|Win32
	EndGlobalSection
	GlobalSection(SolutionProperties) = preSolution
		HideSolutionNode = FALSE
	EndGlobalSection
	GlobalSection(ExtensibilityGlobals) = postSolution
		SolutionGuid = {F0BFDCB8-6CE8-4634-B942-57143E42BA2C}
	EndGlobalSection
EndGlobal
